{
  "originHash" : "c2285c341d878bedf8d8b1ae7ed33cd310795ee4935570de079f8d641b5190b0",
  "pins" : [
    {
      "identity" : "valet",
      "kind" : "remoteSourceControl",
      "location" : "https://github.com/square/Valet.git",
      "state" : {
        "revision" : "05c9e514fbd352a6866877ca31326b4e0b7d6d01",
        "version" : "5.0.0"
      }
    }
  ],
  "version" : 3
}
